
Microsoft Visual Studio Solution File, Format Version 12.00
# Visual Studio Version 16
VisualStudioVersion = 16.0.28803.156
MinimumVisualStudioVersion = 10.0.40219.1
Project("{2150E333-8FDC-42A3-9474-1A3956D46DE8}") = "Build", "Build", "{1082ED20-13D1-444F-BAFD-17EFB9152981}"
	ProjectSection(SolutionItems) = preProject
		appveyor.yml = appveyor.yml
		Build.ps1 = Build.ps1
		Directory.Build.props = Directory.Build.props
		README.md = README.md
	EndProjectSection
EndProject
Project("{9A19103F-16F7-4668-BE54-9A1E7A4F7556}") = "MediatR.Extensions.Microsoft.DependencyInjection", "src\MediatR.Extensions.Microsoft.DependencyInjection\MediatR.Extensions.Microsoft.DependencyInjection.csproj", "{CD3BCC44-44C0-4A5A-9041-34B558A9FBF2}"
EndProject
Project("{9A19103F-16F7-4668-BE54-9A1E7A4F7556}") = "MediatR.Extensions.Microsoft.DependencyInjection.Tests", "test\MediatR.Extensions.Microsoft.DependencyInjection.Tests\MediatR.Extensions.Microsoft.DependencyInjection.Tests.csproj", "{A93A7F85-292A-4130-891D-4307D3F60C30}"
EndProject
Project("{9A19103F-16F7-4668-BE54-9A1E7A4F7556}") = "TestApp", "src\TestApp\TestApp.csproj", "{DE95F633-80B5-4248-A594-7FB357C8DAC9}"
EndProject
Global
	GlobalSection(SolutionConfigurationPlatforms) = preSolution
		Debug|Any CPU = Debug|Any CPU
		Release|Any CPU = Release|Any CPU
	EndGlobalSection
	GlobalSection(ProjectConfigurationPlatforms) = postSolution
		{CD3BCC44-44C0-4A5A-9041-34B558A9FBF2}.Debug|Any CPU.ActiveCfg = Debug|Any CPU
		{CD3BCC44-44C0-4A5A-9041-34B558A9FBF2}.Debug|Any CPU.Build.0 = Debug|Any CPU
		{CD3BCC44-44C0-4A5A-9041-34B558A9FBF2}.Release|Any CPU.ActiveCfg = Release|Any CPU
		{CD3BCC44-44C0-4A5A-9041-34B558A9FBF2}.Release|Any CPU.Build.0 = Release|Any CPU
		{A93A7F85-292A-4130-891D-4307D3F60C30}.Debug|Any CPU.ActiveCfg = Debug|Any CPU
		{A93A7F85-292A-4130-891D-4307D3F60C30}.Debug|Any CPU.Build.0 = Debug|Any CPU
		{A93A7F85-292A-4130-891D-4307D3F60C30}.Release|Any CPU.ActiveCfg = Release|Any CPU
		{A93A7F85-292A-4130-891D-4307D3F60C30}.Release|Any CPU.Build.0 = Release|Any CPU
		{DE95F633-80B5-4248-A594-7FB357C8DAC9}.Debug|Any CPU.ActiveCfg = Debug|Any CPU
		{DE95F633-80B5-4248-A594-7FB357C8DAC9}.Debug|Any CPU.Build.0 = Debug|Any CPU
		{DE95F633-80B5-4248-A594-7FB357C8DAC9}.Release|Any CPU.ActiveCfg = Release|Any CPU
		{DE95F633-80B5-4248-A594-7FB357C8DAC9}.Release|Any CPU.Build.0 = Release|Any CPU
	EndGlobalSection
	GlobalSection(SolutionProperties) = preSolution
		HideSolutionNode = FALSE
	EndGlobalSection
	GlobalSection(ExtensibilityGlobals) = postSolution
		SolutionGuid = {531488EE-5812-470F-A050-73EB27DFF03B}
	EndGlobalSection
EndGlobal
